
Microsoft Visual Studio Solution File, Format Version 12.00
# Visual Studio 2013
VisualStudioVersion = 12.0.31101.0
MinimumVisualStudioVersion = 10.0.40219.1
Project("{2150E333-8FDC-42A3-9474-1A3956D46DE8}") = "Dependency", "Dependency", "{96166708-92D8-4C8E-8F65-F78B8C6440D0}"
EndProject
Project("{FAE04EC0-301F-11D3-BF4B-00C04F79EFBC}") = "CTPPV5.Domain", "Sources\CTPPV5.Domain\CTPPV5.Domain.csproj", "{296302E2-084D-494D-B274-E36F0CD55AAB}"
EndProject
Project("{FAE04EC0-301F-11D3-BF4B-00C04F79EFBC}") = "CTPPV5.Infrastructure", "Sources\CTPPV5.Infrastructure\CTPPV5.Infrastructure.csproj", "{F0DC9113-8B19-4BEE-A608-DC48CA41109F}"
EndProject
Project("{FAE04EC0-301F-11D3-BF4B-00C04F79EFBC}") = "CTPPV5.Repository", "Sources\CTPPV5.Repository\CTPPV5.Repository.csproj", "{095846DB-3A98-41F0-B186-CD178010750D}"
EndProject
Project("{FAE04EC0-301F-11D3-BF4B-00C04F79EFBC}") = "CTPPV5.Mvc", "Sources\CTPPV5.Mvc\CTPPV5.Mvc.csproj", "{C1C04EE1-71A3-4F19-B630-19653557E3BA}"
EndProject
Project("{2150E333-8FDC-42A3-9474-1A3956D46DE8}") = "Test", "Test", "{612A0FAD-D346-4B32-A34E-85FFF0D07F74}"
EndProject
Project("{FAE04EC0-301F-11D3-BF4B-00C04F79EFBC}") = "CTPPV5.Models", "Sources\CTPPV5.Models\CTPPV5.Models.csproj", "{A116F398-99E4-4C1F-82B9-F2A6C78BEB77}"
EndProject
Project("{FAE04EC0-301F-11D3-BF4B-00C04F79EFBC}") = "CTPPV5.Site", "Sources\CTPPV5.Site\CTPPV5.Site.csproj", "{80F79EE5-FB93-456C-B58F-CD86D0026E15}"
EndProject
Project("{FAE04EC0-301F-11D3-BF4B-00C04F79EFBC}") = "CTPPV5.Api", "Sources\CTPPV5.Api\CTPPV5.Api.csproj", "{B7583FCA-EC92-4ECE-9AF0-D47B460698BA}"
EndProject
Project("{FAE04EC0-301F-11D3-BF4B-00C04F79EFBC}") = "CTPPV5.Domain.Test", "Test\CTPPV5.Domain.Test\CTPPV5.Domain.Test.csproj", "{A360C46B-389B-406A-B12B-D5562B3B2782}"
EndProject
Project("{FAE04EC0-301F-11D3-BF4B-00C04F79EFBC}") = "CTPPV5.Infrastructure.Test", "Test\CTPPV5.Infrastructure.Test\CTPPV5.Infrastructure.Test.csproj", "{2F345096-9340-40DA-8EDC-786873769F5A}"
EndProject
Project("{FAE04EC0-301F-11D3-BF4B-00C04F79EFBC}") = "CTPPV5.Client", "Sources\CTPPV5.Client\CTPPV5.Client.csproj", "{C917008D-F170-4727-B662-01380CB87110}"
EndProject
Project("{FAE04EC0-301F-11D3-BF4B-00C04F79EFBC}") = "CTPPV5.Security.Impl.Client", "Sources\CTPPV5.Security.Impl.Client\CTPPV5.Security.Impl.Client.csproj", "{E816E3A7-F16B-4EF4-B275-B4D876FDAF07}"
EndProject
Project("{FAE04EC0-301F-11D3-BF4B-00C04F79EFBC}") = "CTPPV5.Security.Impl.Server", "Sources\CTPPV5.Security.Impl.Server\CTPPV5.Security.Impl.Server.csproj", "{FCD4F72F-DCFF-4809-B3BD-6FD206A083C3}"
EndProject
Project("{FAE04EC0-301F-11D3-BF4B-00C04F79EFBC}") = "CTPPV5.TestLib", "Test\CTPPV5.TestLib\CTPPV5.TestLib.csproj", "{BE913104-1CB5-43C1-BEFA-0BE7FE8C91C3}"
EndProject
Project("{2150E333-8FDC-42A3-9474-1A3956D46DE8}") = "Mina", "Mina", "{10E9278A-083B-42FB-80AB-1A4159D3B987}"
EndProject
Project("{FAE04EC0-301F-11D3-BF4B-00C04F79EFBC}") = "Mina.NET", "Dependency\Mina.NET\Mina.NET.csproj", "{28ABBF94-0584-4254-A8B4-4843E6F4E867}"
EndProject
Project("{FAE04EC0-301F-11D3-BF4B-00C04F79EFBC}") = "CTPPV5.Rpc", "Sources\CTPPV5.Rpc\CTPPV5.Rpc.csproj", "{B8E0794B-768D-4327-9CA6-69EEA252CC09}"
EndProject
Project("{FAE04EC0-301F-11D3-BF4B-00C04F79EFBC}") = "CTPPV5.CommandServer", "Sources\CTPPV5.CommandServer\CTPPV5.CommandServer.csproj", "{FB3DF65B-A0B7-47F1-82B8-D1440983128F}"
EndProject
Project("{FAE04EC0-301F-11D3-BF4B-00C04F79EFBC}") = "CTPPV5.Rpc.Server.Test", "Test\CTPPV5.Rpc.Server.Test\CTPPV5.Rpc.Server.Test.csproj", "{987EE7DD-4CAF-4830-8A9D-E51C46214275}"
EndProject
Project("{FAE04EC0-301F-11D3-BF4B-00C04F79EFBC}") = "CTPPV5.Rpc.Client.Test", "Test\CTPPV5.Rpc.Client.Test\CTPPV5.Rpc.Client.Test.csproj", "{8C847FCD-E6F0-4741-B4CB-22A12A34AA6D}"
EndProject
Project("{2150E333-8FDC-42A3-9474-1A3956D46DE8}") = "Sample", "Sample", "{FBD2CE42-3211-402C-9114-680ED0300BF1}"
EndProject
Project("{FAE04EC0-301F-11D3-BF4B-00C04F79EFBC}") = "CTPPV5.Rpc.Server.Sample", "Sample\CTPPV5.Rpc.Server.Sample\CTPPV5.Rpc.Server.Sample.csproj", "{941591AD-7C02-4671-806F-E15241540E05}"
EndProject
Project("{FAE04EC0-301F-11D3-BF4B-00C04F79EFBC}") = "CTPPV5.Rpc.Client.Sample", "Sample\CTPPV5.Rpc.Client.Sample\CTPPV5.Rpc.Client.Sample.csproj", "{4BA130E7-38CB-447C-AB58-F551E4043EAC}"
EndProject
Project("{FAE04EC0-301F-11D3-BF4B-00C04F79EFBC}") = "CTPPV5.Repository.Test", "Test\CTPPV5.Repository.Test\CTPPV5.Repository.Test.csproj", "{E74FF7DA-1368-4EE4-A68A-BC84B6BD8EF9}"
EndProject
Project("{2150E333-8FDC-42A3-9474-1A3956D46DE8}") = "Mvp", "Mvp", "{4AD8360C-E8C1-4DA4-9803-CD4872DD7949}"
EndProject
Project("{FAE04EC0-301F-11D3-BF4B-00C04F79EFBC}") = "WinFormsMvp", "Dependency\WinFormsMvp\WinFormsMvp.csproj", "{F211DF11-2B89-4FFC-A9B8-4BA9CDF41A9F}"
EndProject
Project("{FAE04EC0-301F-11D3-BF4B-00C04F79EFBC}") = "CTPPV5.Client.Winform", "Sources\CTPPV5.Client.Winform\CTPPV5.Client.Winform.csproj", "{C0489496-505C-4B31-B590-00CC70AC4409}"
EndProject
Project("{FAE04EC0-301F-11D3-BF4B-00C04F79EFBC}") = "CTPPV5.Client.Daemon", "Sources\CTPPV5.Client.Daemon\CTPPV5.Client.Daemon.csproj", "{575DADBB-D458-4A9A-A6DD-2A37F073546A}"
EndProject
Project("{FAE04EC0-301F-11D3-BF4B-00C04F79EFBC}") = "CTPPV5.Client.Daemon.Sample", "Sample\CTPPV5.Client.Daemon.Sample\CTPPV5.Client.Daemon.Sample.csproj", "{A4451F47-EE40-41C2-8887-B80312E27DF2}"
EndProject
Global
	GlobalSection(SolutionConfigurationPlatforms) = preSolution
		Debug|Any CPU = Debug|Any CPU
		Release|Any CPU = Release|Any CPU
	EndGlobalSection
	GlobalSection(ProjectConfigurationPlatforms) = postSolution
		{296302E2-084D-494D-B274-E36F0CD55AAB}.Debug|Any CPU.ActiveCfg = Debug|Any CPU
		{296302E2-084D-494D-B274-E36F0CD55AAB}.Debug|Any CPU.Build.0 = Debug|Any CPU
		{296302E2-084D-494D-B274-E36F0CD55AAB}.Release|Any CPU.ActiveCfg = Release|Any CPU
		{296302E2-084D-494D-B274-E36F0CD55AAB}.Release|Any CPU.Build.0 = Release|Any CPU
		{F0DC9113-8B19-4BEE-A608-DC48CA41109F}.Debug|Any CPU.ActiveCfg = Debug|Any CPU
		{F0DC9113-8B19-4BEE-A608-DC48CA41109F}.Debug|Any CPU.Build.0 = Debug|Any CPU
		{F0DC9113-8B19-4BEE-A608-DC48CA41109F}.Release|Any CPU.ActiveCfg = Release|Any CPU
		{F0DC9113-8B19-4BEE-A608-DC48CA41109F}.Release|Any CPU.Build.0 = Release|Any CPU
		{095846DB-3A98-41F0-B186-CD178010750D}.Debug|Any CPU.ActiveCfg = Debug|Any CPU
		{095846DB-3A98-41F0-B186-CD178010750D}.Debug|Any CPU.Build.0 = Debug|Any CPU
		{095846DB-3A98-41F0-B186-CD178010750D}.Release|Any CPU.ActiveCfg = Release|Any CPU
		{095846DB-3A98-41F0-B186-CD178010750D}.Release|Any CPU.Build.0 = Release|Any CPU
		{C1C04EE1-71A3-4F19-B630-19653557E3BA}.Debug|Any CPU.ActiveCfg = Debug|Any CPU
		{C1C04EE1-71A3-4F19-B630-19653557E3BA}.Debug|Any CPU.Build.0 = Debug|Any CPU
		{C1C04EE1-71A3-4F19-B630-19653557E3BA}.Release|Any CPU.ActiveCfg = Release|Any CPU
		{C1C04EE1-71A3-4F19-B630-19653557E3BA}.Release|Any CPU.Build.0 = Release|Any CPU
		{A116F398-99E4-4C1F-82B9-F2A6C78BEB77}.Debug|Any CPU.ActiveCfg = Debug|Any CPU
		{A116F398-99E4-4C1F-82B9-F2A6C78BEB77}.Debug|Any CPU.Build.0 = Debug|Any CPU
		{A116F398-99E4-4C1F-82B9-F2A6C78BEB77}.Release|Any CPU.ActiveCfg = Release|Any CPU
		{A116F398-99E4-4C1F-82B9-F2A6C78BEB77}.Release|Any CPU.Build.0 = Release|Any CPU
		{80F79EE5-FB93-456C-B58F-CD86D0026E15}.Debug|Any CPU.ActiveCfg = Debug|Any CPU
		{80F79EE5-FB93-456C-B58F-CD86D0026E15}.Debug|Any CPU.Build.0 = Debug|Any CPU
		{80F79EE5-FB93-456C-B58F-CD86D0026E15}.Release|Any CPU.ActiveCfg = Release|Any CPU
		{80F79EE5-FB93-456C-B58F-CD86D0026E15}.Release|Any CPU.Build.0 = Release|Any CPU
		{B7583FCA-EC92-4ECE-9AF0-D47B460698BA}.Debug|Any CPU.ActiveCfg = Debug|Any CPU
		{B7583FCA-EC92-4ECE-9AF0-D47B460698BA}.Debug|Any CPU.Build.0 = Debug|Any CPU
		{B7583FCA-EC92-4ECE-9AF0-D47B460698BA}.Release|Any CPU.ActiveCfg = Release|Any CPU
		{B7583FCA-EC92-4ECE-9AF0-D47B460698BA}.Release|Any CPU.Build.0 = Release|Any CPU
		{A360C46B-389B-406A-B12B-D5562B3B2782}.Debug|Any CPU.ActiveCfg = Debug|Any CPU
		{A360C46B-389B-406A-B12B-D5562B3B2782}.Debug|Any CPU.Build.0 = Debug|Any CPU
		{A360C46B-389B-406A-B12B-D5562B3B2782}.Release|Any CPU.ActiveCfg = Release|Any CPU
		{A360C46B-389B-406A-B12B-D5562B3B2782}.Release|Any CPU.Build.0 = Release|Any CPU
		{2F345096-9340-40DA-8EDC-786873769F5A}.Debug|Any CPU.ActiveCfg = Debug|Any CPU
		{2F345096-9340-40DA-8EDC-786873769F5A}.Debug|Any CPU.Build.0 = Debug|Any CPU
		{2F345096-9340-40DA-8EDC-786873769F5A}.Release|Any CPU.ActiveCfg = Release|Any CPU
		{2F345096-9340-40DA-8EDC-786873769F5A}.Release|Any CPU.Build.0 = Release|Any CPU
		{C917008D-F170-4727-B662-01380CB87110}.Debug|Any CPU.ActiveCfg = Debug|Any CPU
		{C917008D-F170-4727-B662-01380CB87110}.Debug|Any CPU.Build.0 = Debug|Any CPU
		{C917008D-F170-4727-B662-01380CB87110}.Release|Any CPU.ActiveCfg = Release|Any CPU
		{C917008D-F170-4727-B662-01380CB87110}.Release|Any CPU.Build.0 = Release|Any CPU
		{E816E3A7-F16B-4EF4-B275-B4D876FDAF07}.Debug|Any CPU.ActiveCfg = Debug|Any CPU
		{E816E3A7-F16B-4EF4-B275-B4D876FDAF07}.Debug|Any CPU.Build.0 = Debug|Any CPU
		{E816E3A7-F16B-4EF4-B275-B4D876FDAF07}.Release|Any CPU.ActiveCfg = Release|Any CPU
		{E816E3A7-F16B-4EF4-B275-B4D876FDAF07}.Release|Any CPU.Build.0 = Release|Any CPU
		{FCD4F72F-DCFF-4809-B3BD-6FD206A083C3}.Debug|Any CPU.ActiveCfg = Debug|Any CPU
		{FCD4F72F-DCFF-4809-B3BD-6FD206A083C3}.Debug|Any CPU.Build.0 = Debug|Any CPU
		{FCD4F72F-DCFF-4809-B3BD-6FD206A083C3}.Release|Any CPU.ActiveCfg = Release|Any CPU
		{FCD4F72F-DCFF-4809-B3BD-6FD206A083C3}.Release|Any CPU.Build.0 = Release|Any CPU
		{BE913104-1CB5-43C1-BEFA-0BE7FE8C91C3}.Debug|Any CPU.ActiveCfg = Debug|Any CPU
		{BE913104-1CB5-43C1-BEFA-0BE7FE8C91C3}.Debug|Any CPU.Build.0 = Debug|Any CPU
		{BE913104-1CB5-43C1-BEFA-0BE7FE8C91C3}.Release|Any CPU.ActiveCfg = Release|Any CPU
		{BE913104-1CB5-43C1-BEFA-0BE7FE8C91C3}.Release|Any CPU.Build.0 = Release|Any CPU
		{28ABBF94-0584-4254-A8B4-4843E6F4E867}.Debug|Any CPU.ActiveCfg = Debug|Any CPU
		{28ABBF94-0584-4254-A8B4-4843E6F4E867}.Debug|Any CPU.Build.0 = Debug|Any CPU
		{28ABBF94-0584-4254-A8B4-4843E6F4E867}.Release|Any CPU.ActiveCfg = Release|Any CPU
		{28ABBF94-0584-4254-A8B4-4843E6F4E867}.Release|Any CPU.Build.0 = Release|Any CPU
		{B8E0794B-768D-4327-9CA6-69EEA252CC09}.Debug|Any CPU.ActiveCfg = Debug|Any CPU
		{B8E0794B-768D-4327-9CA6-69EEA252CC09}.Debug|Any CPU.Build.0 = Debug|Any CPU
		{B8E0794B-768D-4327-9CA6-69EEA252CC09}.Release|Any CPU.ActiveCfg = Release|Any CPU
		{B8E0794B-768D-4327-9CA6-69EEA252CC09}.Release|Any CPU.Build.0 = Release|Any CPU
		{FB3DF65B-A0B7-47F1-82B8-D1440983128F}.Debug|Any CPU.ActiveCfg = Debug|Any CPU
		{FB3DF65B-A0B7-47F1-82B8-D1440983128F}.Debug|Any CPU.Build.0 = Debug|Any CPU
		{FB3DF65B-A0B7-47F1-82B8-D1440983128F}.Release|Any CPU.ActiveCfg = Release|Any CPU
		{FB3DF65B-A0B7-47F1-82B8-D1440983128F}.Release|Any CPU.Build.0 = Release|Any CPU
		{987EE7DD-4CAF-4830-8A9D-E51C46214275}.Debug|Any CPU.ActiveCfg = Debug|Any CPU
		{987EE7DD-4CAF-4830-8A9D-E51C46214275}.Debug|Any CPU.Build.0 = Debug|Any CPU
		{987EE7DD-4CAF-4830-8A9D-E51C46214275}.Release|Any CPU.ActiveCfg = Release|Any CPU
		{987EE7DD-4CAF-4830-8A9D-E51C46214275}.Release|Any CPU.Build.0 = Release|Any CPU
		{8C847FCD-E6F0-4741-B4CB-22A12A34AA6D}.Debug|Any CPU.ActiveCfg = Debug|Any CPU
		{8C847FCD-E6F0-4741-B4CB-22A12A34AA6D}.Debug|Any CPU.Build.0 = Debug|Any CPU
		{8C847FCD-E6F0-4741-B4CB-22A12A34AA6D}.Release|Any CPU.ActiveCfg = Release|Any CPU
		{8C847FCD-E6F0-4741-B4CB-22A12A34AA6D}.Release|Any CPU.Build.0 = Release|Any CPU
		{941591AD-7C02-4671-806F-E15241540E05}.Debug|Any CPU.ActiveCfg = Debug|Any CPU
		{941591AD-7C02-4671-806F-E15241540E05}.Debug|Any CPU.Build.0 = Debug|Any CPU
		{941591AD-7C02-4671-806F-E15241540E05}.Release|Any CPU.ActiveCfg = Release|Any CPU
		{941591AD-7C02-4671-806F-E15241540E05}.Release|Any CPU.Build.0 = Release|Any CPU
		{4BA130E7-38CB-447C-AB58-F551E4043EAC}.Debug|Any CPU.ActiveCfg = Debug|Any CPU
		{4BA130E7-38CB-447C-AB58-F551E4043EAC}.Debug|Any CPU.Build.0 = Debug|Any CPU
		{4BA130E7-38CB-447C-AB58-F551E4043EAC}.Release|Any CPU.ActiveCfg = Release|Any CPU
		{4BA130E7-38CB-447C-AB58-F551E4043EAC}.Release|Any CPU.Build.0 = Release|Any CPU
		{E74FF7DA-1368-4EE4-A68A-BC84B6BD8EF9}.Debug|Any CPU.ActiveCfg = Debug|Any CPU
		{E74FF7DA-1368-4EE4-A68A-BC84B6BD8EF9}.Debug|Any CPU.Build.0 = Debug|Any CPU
		{E74FF7DA-1368-4EE4-A68A-BC84B6BD8EF9}.Release|Any CPU.ActiveCfg = Release|Any CPU
		{E74FF7DA-1368-4EE4-A68A-BC84B6BD8EF9}.Release|Any CPU.Build.0 = Release|Any CPU
		{F211DF11-2B89-4FFC-A9B8-4BA9CDF41A9F}.Debug|Any CPU.ActiveCfg = Debug|Any CPU
		{F211DF11-2B89-4FFC-A9B8-4BA9CDF41A9F}.Debug|Any CPU.Build.0 = Debug|Any CPU
		{F211DF11-2B89-4FFC-A9B8-4BA9CDF41A9F}.Release|Any CPU.ActiveCfg = Release|Any CPU
		{F211DF11-2B89-4FFC-A9B8-4BA9CDF41A9F}.Release|Any CPU.Build.0 = Release|Any CPU
		{C0489496-505C-4B31-B590-00CC70AC4409}.Debug|Any CPU.ActiveCfg = Debug|Any CPU
		{C0489496-505C-4B31-B590-00CC70AC4409}.Debug|Any CPU.Build.0 = Debug|Any CPU
		{C0489496-505C-4B31-B590-00CC70AC4409}.Release|Any CPU.ActiveCfg = Release|Any CPU
		{C0489496-505C-4B31-B590-00CC70AC4409}.Release|Any CPU.Build.0 = Release|Any CPU
		{575DADBB-D458-4A9A-A6DD-2A37F073546A}.Debug|Any CPU.ActiveCfg = Debug|Any CPU
		{575DADBB-D458-4A9A-A6DD-2A37F073546A}.Debug|Any CPU.Build.0 = Debug|Any CPU
		{575DADBB-D458-4A9A-A6DD-2A37F073546A}.Release|Any CPU.ActiveCfg = Release|Any CPU
		{575DADBB-D458-4A9A-A6DD-2A37F073546A}.Release|Any CPU.Build.0 = Release|Any CPU
		{A4451F47-EE40-41C2-8887-B80312E27DF2}.Debug|Any CPU.ActiveCfg = Debug|Any CPU
		{A4451F47-EE40-41C2-8887-B80312E27DF2}.Debug|Any CPU.Build.0 = Debug|Any CPU
		{A4451F47-EE40-41C2-8887-B80312E27DF2}.Release|Any CPU.ActiveCfg = Release|Any CPU
		{A4451F47-EE40-41C2-8887-B80312E27DF2}.Release|Any CPU.Build.0 = Release|Any CPU
	EndGlobalSection
	GlobalSection(SolutionProperties) = preSolution
		HideSolutionNode = FALSE
	EndGlobalSection
	GlobalSection(NestedProjects) = preSolution
		{A360C46B-389B-406A-B12B-D5562B3B2782} = {612A0FAD-D346-4B32-A34E-85FFF0D07F74}
		{2F345096-9340-40DA-8EDC-786873769F5A} = {612A0FAD-D346-4B32-A34E-85FFF0D07F74}
		{BE913104-1CB5-43C1-BEFA-0BE7FE8C91C3} = {612A0FAD-D346-4B32-A34E-85FFF0D07F74}
		{10E9278A-083B-42FB-80AB-1A4159D3B987} = {96166708-92D8-4C8E-8F65-F78B8C6440D0}
		{28ABBF94-0584-4254-A8B4-4843E6F4E867} = {10E9278A-083B-42FB-80AB-1A4159D3B987}
		{987EE7DD-4CAF-4830-8A9D-E51C46214275} = {612A0FAD-D346-4B32-A34E-85FFF0D07F74}
		{8C847FCD-E6F0-4741-B4CB-22A12A34AA6D} = {612A0FAD-D346-4B32-A34E-85FFF0D07F74}
		{941591AD-7C02-4671-806F-E15241540E05} = {FBD2CE42-3211-402C-9114-680ED0300BF1}
		{4BA130E7-38CB-447C-AB58-F551E4043EAC} = {FBD2CE42-3211-402C-9114-680ED0300BF1}
		{E74FF7DA-1368-4EE4-A68A-BC84B6BD8EF9} = {612A0FAD-D346-4B32-A34E-85FFF0D07F74}
		{4AD8360C-E8C1-4DA4-9803-CD4872DD7949} = {96166708-92D8-4C8E-8F65-F78B8C6440D0}
		{F211DF11-2B89-4FFC-A9B8-4BA9CDF41A9F} = {4AD8360C-E8C1-4DA4-9803-CD4872DD7949}
		{A4451F47-EE40-41C2-8887-B80312E27DF2} = {FBD2CE42-3211-402C-9114-680ED0300BF1}
	EndGlobalSection
EndGlobal
